
Microsoft Visual Studio Solution File, Format Version 12.00
# Visual Studio Version 16
VisualStudioVersion = 16.0.30406.217
MinimumVisualStudioVersion = 10.0.40219.1
Project("{FAE04EC0-301F-11D3-BF4B-00C04F79EFBC}") = "caculator", "caculator.csproj", "{DD4B6A85-3B40-4847-9B9E-EA7CFBF6305E}"
EndProject
Global
	GlobalSection(SolutionConfigurationPlatforms) = preSolution
		Debug|Any CPU = Debug|Any CPU
		Release|Any CPU = Release|Any CPU
	EndGlobalSection
	GlobalSection(ProjectConfigurationPlatforms) = postSolution
		{DD4B6A85-3B40-4847-9B9E-EA7CFBF6305E}.Debug|Any CPU.ActiveCfg = Debug|Any CPU
		{DD4B6A85-3B40-4847-9B9E-EA7CFBF6305E}.Debug|Any CPU.Build.0 = Debug|Any CPU
		{DD4B6A85-3B40-4847-9B9E-EA7CFBF6305E}.Release|Any CPU.ActiveCfg = Release|Any CPU
		{DD4B6A85-3B40-4847-9B9E-EA7CFBF6305E}.Release|Any CPU.Build.0 = Release|Any CPU
	EndGlobalSection
	GlobalSection(SolutionProperties) = preSolution
		HideSolutionNode = FALSE
	EndGlobalSection
	GlobalSection(ExtensibilityGlobals) = postSolution
		SolutionGuid = {7AC8D433-9557-41CF-82D2-F994284BBEA9}
	EndGlobalSection
EndGlobal
